
Microsoft Visual Studio Solution File, Format Version 12.00
# Visual Studio Version 17
VisualStudioVersion = 17.5.33530.505
MinimumVisualStudioVersion = 10.0.40219.1
Project("{FAE04EC0-301F-11D3-BF4B-00C04F79EFBC}") = "SaaV.MinimalApi.WebApi", "SaaV.MinimalApi.WebApi\SaaV.MinimalApi.WebApi.csproj", "{D682E61A-04EC-48F9-92CA-141065F4524D}"
EndProject
Project("{FAE04EC0-301F-11D3-BF4B-00C04F79EFBC}") = "SaaV.MinimalApi.Core", "SaaV.MinimalApi.Core\SaaV.MinimalApi.Core.csproj", "{33323196-7DFB-46BC-BC7E-1B4E8AB39871}"
EndProject
Global
	GlobalSection(SolutionConfigurationPlatforms) = preSolution
		Debug|Any CPU = Debug|Any CPU
		Release|Any CPU = Release|Any CPU
	EndGlobalSection
	GlobalSection(ProjectConfigurationPlatforms) = postSolution
		{D682E61A-04EC-48F9-92CA-141065F4524D}.Debug|Any CPU.ActiveCfg = Debug|Any CPU
		{D682E61A-04EC-48F9-92CA-141065F4524D}.Debug|Any CPU.Build.0 = Debug|Any CPU
		{D682E61A-04EC-48F9-92CA-141065F4524D}.Release|Any CPU.ActiveCfg = Release|Any CPU
		{D682E61A-04EC-48F9-92CA-141065F4524D}.Release|Any CPU.Build.0 = Release|Any CPU
		{33323196-7DFB-46BC-BC7E-1B4E8AB39871}.Debug|Any CPU.ActiveCfg = Debug|Any CPU
		{33323196-7DFB-46BC-BC7E-1B4E8AB39871}.Debug|Any CPU.Build.0 = Debug|Any CPU
		{33323196-7DFB-46BC-BC7E-1B4E8AB39871}.Release|Any CPU.ActiveCfg = Release|Any CPU
		{33323196-7DFB-46BC-BC7E-1B4E8AB39871}.Release|Any CPU.Build.0 = Release|Any CPU
	EndGlobalSection
	GlobalSection(SolutionProperties) = preSolution
		HideSolutionNode = FALSE
	EndGlobalSection
	GlobalSection(ExtensibilityGlobals) = postSolution
		SolutionGuid = {E4799BAE-82C2-4674-909A-3607C2B7539D}
	EndGlobalSection
EndGlobal
